// !$*UTF8*$!
{
	archiveVersion = 1;
	classes = {
	};
	objectVersion = 46;
	objects = {

/* Begin PBXBuildFile section */
		B7757027EFDEB88D6BC4127B /* SOCStringExtension.m in Sources */ = {isa = PBXBuildFile; fileRef = B77579AE23214291E7CD1B35 /* SOCStringExtension.m */; };
		B775709128E822DD70A65B19 /* SOCProtocolUtils.m in Sources */ = {isa = PBXBuildFile; fileRef = B7757E7D7A727005CDD09194 /* SOCProtocolUtils.m */; };
		B775743E17D26861F9DA4FB4 /* SOCStringJSON.m in Sources */ = {isa = PBXBuildFile; fileRef = B7757B9CBD0DA9DA2EB6B65E /* SOCStringJSON.m */; };
		B77574943166EFCA60B57BD4 /* SOCArrayUtils.m in Sources */ = {isa = PBXBuildFile; fileRef = B7757B5830F8EF1E1576A745 /* SOCArrayUtils.m */; };
		B775757F79363AFF32ACBE65 /* SOCMutableDictionaryExtension.m in Sources */ = {isa = PBXBuildFile; fileRef = B7757D03B69B9C34BD4F7813 /* SOCMutableDictionaryExtension.m */; };
		B775771B96BC93AF1B9219F1 /* SOCDateUtils.m in Sources */ = {isa = PBXBuildFile; fileRef = B7757464C5D84D050BF17896 /* SOCDateUtils.m */; };
		B77577C3AC659B7896B62DCA /* SOCMutableArrayExtension.m in Sources */ = {isa = PBXBuildFile; fileRef = B7757934A23606A0445E8550 /* SOCMutableArrayExtension.m */; };
		B77578A1E5244D9966F44958 /* SOCMutableArrayExtensionTests.m in Sources */ = {isa = PBXBuildFile; fileRef = B77578671D1EDD0D36300509 /* SOCMutableArrayExtensionTests.m */; };
		B77578D066D1A0F475B54E67 /* SOCDictionaryJSON.m in Sources */ = {isa = PBXBuildFile; fileRef = B7757847AC6AC40774C36773 /* SOCDictionaryJSON.m */; };
		B775791FDB0A03159D9AE86A /* SOCIntegerUtils.m in Sources */ = {isa = PBXBuildFile; fileRef = B77579D2A680EAB0A827C866 /* SOCIntegerUtils.m */; };
		B77579E4AF1E8E7A2921CFE5 /* SOCArrayJSON.m in Sources */ = {isa = PBXBuildFile; fileRef = B77572201F23043CBA35EA76 /* SOCArrayJSON.m */; };
		B77579FAD912DDA37C6446E3 /* SOCStringUtils.m in Sources */ = {isa = PBXBuildFile; fileRef = B77570912AA20476BB807BD5 /* SOCStringUtils.m */; };
		B7757B2936114C6DF1A6174B /* SOCArrayExtension.m in Sources */ = {isa = PBXBuildFile; fileRef = B7757EE22BB404465265C22E /* SOCArrayExtension.m */; };
		B7757B341374328E7D7DD5FD /* SOCBoolUtils.m in Sources */ = {isa = PBXBuildFile; fileRef = B77575CEFAAED401C63A35F3 /* SOCBoolUtils.m */; };
		B7757D3799B86A27107A838D /* SOCJSONUtils.m in Sources */ = {isa = PBXBuildFile; fileRef = B7757AAB6E74AFFB273D089D /* SOCJSONUtils.m */; };
		B7757EC3B46BDBFADF4D48B4 /* SOCArrayExtensionTests.m in Sources */ = {isa = PBXBuildFile; fileRef = B7757D856D5EACF8F9EE21DD /* SOCArrayExtensionTests.m */; };
		B7757FE090DB1791B760207B /* SOCArrayUtilsTests.m in Sources */ = {isa = PBXBuildFile; fileRef = B7757A8205CF3733CB6A1A3F /* SOCArrayUtilsTests.m */; };
		D51FD4181B42870D00BC5BFA /* main.m in Sources */ = {isa = PBXBuildFile; fileRef = D51FD4171B42870D00BC5BFA /* main.m */; };
		D51FD41B1B42870D00BC5BFA /* AppDelegate.m in Sources */ = {isa = PBXBuildFile; fileRef = D51FD41A1B42870D00BC5BFA /* AppDelegate.m */; };
		D51FD41E1B42870D00BC5BFA /* ViewController.m in Sources */ = {isa = PBXBuildFile; fileRef = D51FD41D1B42870D00BC5BFA /* ViewController.m */; };
		D51FD4211B42870D00BC5BFA /* Main.storyboard in Resources */ = {isa = PBXBuildFile; fileRef = D51FD41F1B42870D00BC5BFA /* Main.storyboard */; };
		D51FD4231B42870D00BC5BFA /* Images.xcassets in Resources */ = {isa = PBXBuildFile; fileRef = D51FD4221B42870D00BC5BFA /* Images.xcassets */; };
		D51FD4261B42870D00BC5BFA /* LaunchScreen.xib in Resources */ = {isa = PBXBuildFile; fileRef = D51FD4241B42870D00BC5BFA /* LaunchScreen.xib */; };
/* End PBXBuildFile section */

/* Begin PBXContainerItemProxy section */
		D51FD42C1B42870D00BC5BFA /* PBXContainerItemProxy */ = {
			isa = PBXContainerItemProxy;
			containerPortal = D51FD40A1B42870D00BC5BFA /* Project object */;
			proxyType = 1;
			remoteGlobalIDString = D51FD4111B42870D00BC5BFA;
			remoteInfo = SigmaticOC;
		};
/* End PBXContainerItemProxy section */

/* Begin PBXFileReference section */
		B77570440C3125FDC5B5C34F /* SOCBoolUtils.h */ = {isa = PBXFileReference; fileEncoding = 4; lastKnownFileType = sourcecode.c.h; path = SOCBoolUtils.h; sourceTree = "<group>"; };
		B77570912AA20476BB807BD5 /* SOCStringUtils.m */ = {isa = PBXFileReference; fileEncoding = 4; lastKnownFileType = sourcecode.c.objc; path = SOCStringUtils.m; sourceTree = "<group>"; };
		B77570D1D81B31AE66116D36 /* SOCDateUtils.h */ = {isa = PBXFileReference; fileEncoding = 4; lastKnownFileType = sourcecode.c.h; path = SOCDateUtils.h; sourceTree = "<group>"; };
		B77570FD2D672A56227CC66F /* SOCMutableArrayExtension.h */ = {isa = PBXFileReference; fileEncoding = 4; lastKnownFileType = sourcecode.c.h; path = SOCMutableArrayExtension.h; sourceTree = "<group>"; };
		B7757142EC050B2120420C91 /* SOCMutableDictionaryExtension.h */ = {isa = PBXFileReference; fileEncoding = 4; lastKnownFileType = sourcecode.c.h; path = SOCMutableDictionaryExtension.h; sourceTree = "<group>"; };
		B77571C891126B31B1C19131 /* SOCArrayUtils.h */ = {isa = PBXFileReference; fileEncoding = 4; lastKnownFileType = sourcecode.c.h; path = SOCArrayUtils.h; sourceTree = "<group>"; };
		B7757202D22E0CEBC9521E2C /* SOCProtocolUtils.h */ = {isa = PBXFileReference; fileEncoding = 4; lastKnownFileType = sourcecode.c.h; path = SOCProtocolUtils.h; sourceTree = "<group>"; };
		B77572201F23043CBA35EA76 /* SOCArrayJSON.m */ = {isa = PBXFileReference; fileEncoding = 4; lastKnownFileType = sourcecode.c.objc; path = SOCArrayJSON.m; sourceTree = "<group>"; };
		B775725B9AB79AD4202D7DAA /* SOCJSONUtils.h */ = {isa = PBXFileReference; fileEncoding = 4; lastKnownFileType = sourcecode.c.h; path = SOCJSONUtils.h; sourceTree = "<group>"; };
		B775736CBF761D3A92950D17 /* SOCArrayExtension.h */ = {isa = PBXFileReference; fileEncoding = 4; lastKnownFileType = sourcecode.c.h; path = SOCArrayExtension.h; sourceTree = "<group>"; };
		B7757464C5D84D050BF17896 /* SOCDateUtils.m */ = {isa = PBXFileReference; fileEncoding = 4; lastKnownFileType = sourcecode.c.objc; path = SOCDateUtils.m; sourceTree = "<group>"; };
		B77575CEFAAED401C63A35F3 /* SOCBoolUtils.m */ = {isa = PBXFileReference; fileEncoding = 4; lastKnownFileType = sourcecode.c.objc; path = SOCBoolUtils.m; sourceTree = "<group>"; };
		B77576A40B26A2A02ECB5313 /* SOCArrayJSON.h */ = {isa = PBXFileReference; fileEncoding = 4; lastKnownFileType = sourcecode.c.h; path = SOCArrayJSON.h; sourceTree = "<group>"; };
		B77577691A890126CC1012E9 /* SOCIntegerUtils.h */ = {isa = PBXFileReference; fileEncoding = 4; lastKnownFileType = sourcecode.c.h; path = SOCIntegerUtils.h; sourceTree = "<group>"; };
		B7757847AC6AC40774C36773 /* SOCDictionaryJSON.m */ = {isa = PBXFileReference; fileEncoding = 4; lastKnownFileType = sourcecode.c.objc; path = SOCDictionaryJSON.m; sourceTree = "<group>"; };
		B77578671D1EDD0D36300509 /* SOCMutableArrayExtensionTests.m */ = {isa = PBXFileReference; fileEncoding = 4; lastKnownFileType = sourcecode.c.objc; path = SOCMutableArrayExtensionTests.m; sourceTree = "<group>"; };
		B77578CDAEB0E616874252C3 /* SOCStringJSON.h */ = {isa = PBXFileReference; fileEncoding = 4; lastKnownFileType = sourcecode.c.h; path = SOCStringJSON.h; sourceTree = "<group>"; };
		B7757934A23606A0445E8550 /* SOCMutableArrayExtension.m */ = {isa = PBXFileReference; fileEncoding = 4; lastKnownFileType = sourcecode.c.objc; path = SOCMutableArrayExtension.m; sourceTree = "<group>"; };
		B775798071E5CDE4C470488A /* SOCDictionaryJSON.h */ = {isa = PBXFileReference; fileEncoding = 4; lastKnownFileType = sourcecode.c.h; path = SOCDictionaryJSON.h; sourceTree = "<group>"; };
		B77579AE23214291E7CD1B35 /* SOCStringExtension.m */ = {isa = PBXFileReference; fileEncoding = 4; lastKnownFileType = sourcecode.c.objc; path = SOCStringExtension.m; sourceTree = "<group>"; };
		B77579D2A680EAB0A827C866 /* SOCIntegerUtils.m */ = {isa = PBXFileReference; fileEncoding = 4; lastKnownFileType = sourcecode.c.objc; path = SOCIntegerUtils.m; sourceTree = "<group>"; };
		B7757A8205CF3733CB6A1A3F /* SOCArrayUtilsTests.m */ = {isa = PBXFileReference; fileEncoding = 4; lastKnownFileType = sourcecode.c.objc; path = SOCArrayUtilsTests.m; sourceTree = "<group>"; };
		B7757AAB6E74AFFB273D089D /* SOCJSONUtils.m */ = {isa = PBXFileReference; fileEncoding = 4; lastKnownFileType = sourcecode.c.objc; path = SOCJSONUtils.m; sourceTree = "<group>"; };
		B7757B5830F8EF1E1576A745 /* SOCArrayUtils.m */ = {isa = PBXFileReference; fileEncoding = 4; lastKnownFileType = sourcecode.c.objc; path = SOCArrayUtils.m; sourceTree = "<group>"; };
		B7757B9CBD0DA9DA2EB6B65E /* SOCStringJSON.m */ = {isa = PBXFileReference; fileEncoding = 4; lastKnownFileType = sourcecode.c.objc; path = SOCStringJSON.m; sourceTree = "<group>"; };
		B7757D03B69B9C34BD4F7813 /* SOCMutableDictionaryExtension.m */ = {isa = PBXFileReference; fileEncoding = 4; lastKnownFileType = sourcecode.c.objc; path = SOCMutableDictionaryExtension.m; sourceTree = "<group>"; };
		B7757D1FA3D5F4DC23D5F9DD /* SOCStringExtension.h */ = {isa = PBXFileReference; fileEncoding = 4; lastKnownFileType = sourcecode.c.h; path = SOCStringExtension.h; sourceTree = "<group>"; };
		B7757D856D5EACF8F9EE21DD /* SOCArrayExtensionTests.m */ = {isa = PBXFileReference; fileEncoding = 4; lastKnownFileType = sourcecode.c.objc; path = SOCArrayExtensionTests.m; sourceTree = "<group>"; };
		B7757E43510B8B02D3FB9E3B /* SOCStringUtils.h */ = {isa = PBXFileReference; fileEncoding = 4; lastKnownFileType = sourcecode.c.h; path = SOCStringUtils.h; sourceTree = "<group>"; };
		B7757E7D7A727005CDD09194 /* SOCProtocolUtils.m */ = {isa = PBXFileReference; fileEncoding = 4; lastKnownFileType = sourcecode.c.objc; path = SOCProtocolUtils.m; sourceTree = "<group>"; };
		B7757EE22BB404465265C22E /* SOCArrayExtension.m */ = {isa = PBXFileReference; fileEncoding = 4; lastKnownFileType = sourcecode.c.objc; path = SOCArrayExtension.m; sourceTree = "<group>"; };
		D51FD4121B42870D00BC5BFA /* SigmaticOC.app */ = {isa = PBXFileReference; explicitFileType = wrapper.application; includeInIndex = 0; path = SigmaticOC.app; sourceTree = BUILT_PRODUCTS_DIR; };
		D51FD4161B42870D00BC5BFA /* Info.plist */ = {isa = PBXFileReference; lastKnownFileType = text.plist.xml; path = Info.plist; sourceTree = "<group>"; };
		D51FD4171B42870D00BC5BFA /* main.m */ = {isa = PBXFileReference; lastKnownFileType = sourcecode.c.objc; path = main.m; sourceTree = "<group>"; };
		D51FD4191B42870D00BC5BFA /* AppDelegate.h */ = {isa = PBXFileReference; lastKnownFileType = sourcecode.c.h; path = AppDelegate.h; sourceTree = "<group>"; };
		D51FD41A1B42870D00BC5BFA /* AppDelegate.m */ = {isa = PBXFileReference; lastKnownFileType = sourcecode.c.objc; path = AppDelegate.m; sourceTree = "<group>"; };
		D51FD41C1B42870D00BC5BFA /* ViewController.h */ = {isa = PBXFileReference; lastKnownFileType = sourcecode.c.h; path = ViewController.h; sourceTree = "<group>"; };
		D51FD41D1B42870D00BC5BFA /* ViewController.m */ = {isa = PBXFileReference; lastKnownFileType = sourcecode.c.objc; path = ViewController.m; sourceTree = "<group>"; };
		D51FD4201B42870D00BC5BFA /* Base */ = {isa = PBXFileReference; lastKnownFileType = file.storyboard; name = Base; path = Base.lproj/Main.storyboard; sourceTree = "<group>"; };
		D51FD4221B42870D00BC5BFA /* Images.xcassets */ = {isa = PBXFileReference; lastKnownFileType = folder.assetcatalog; path = Images.xcassets; sourceTree = "<group>"; };
		D51FD4251B42870D00BC5BFA /* Base */ = {isa = PBXFileReference; lastKnownFileType = file.xib; name = Base; path = Base.lproj/LaunchScreen.xib; sourceTree = "<group>"; };
		D51FD42B1B42870D00BC5BFA /* SigmaticOCTests.xctest */ = {isa = PBXFileReference; explicitFileType = wrapper.cfbundle; includeInIndex = 0; path = SigmaticOCTests.xctest; sourceTree = BUILT_PRODUCTS_DIR; };
		D51FD4301B42870D00BC5BFA /* Info.plist */ = {isa = PBXFileReference; lastKnownFileType = text.plist.xml; path = Info.plist; sourceTree = "<group>"; };
/* End PBXFileReference section */

/* Begin PBXFrameworksBuildPhase section */
		D51FD40F1B42870D00BC5BFA /* Frameworks */ = {
			isa = PBXFrameworksBuildPhase;
			buildActionMask = 2147483647;
			files = (
			);
			runOnlyForDeploymentPostprocessing = 0;
		};
		D51FD4281B42870D00BC5BFA /* Frameworks */ = {
			isa = PBXFrameworksBuildPhase;
			buildActionMask = 2147483647;
			files = (
			);
			runOnlyForDeploymentPostprocessing = 0;
		};
/* End PBXFrameworksBuildPhase section */

/* Begin PBXGroup section */
		B77572B1922A8F59F55AB26B /* Date */ = {
			isa = PBXGroup;
			children = (
				B7757464C5D84D050BF17896 /* SOCDateUtils.m */,
				B77570D1D81B31AE66116D36 /* SOCDateUtils.h */,
			);
			path = Date;
			sourceTree = "<group>";
		};
		B77573B7C16A8363A187133C /* Number */ = {
			isa = PBXGroup;
			children = (
				B77579D2A680EAB0A827C866 /* SOCIntegerUtils.m */,
				B77577691A890126CC1012E9 /* SOCIntegerUtils.h */,
			);
			path = Number;
			sourceTree = "<group>";
		};
		B77575184B56503E5D7974E8 /* Protocol */ = {
			isa = PBXGroup;
			children = (
				B7757E7D7A727005CDD09194 /* SOCProtocolUtils.m */,
				B7757202D22E0CEBC9521E2C /* SOCProtocolUtils.h */,
			);
			path = Protocol;
			sourceTree = "<group>";
		};
		B77577E65559757CBB012D1F /* Dictionary */ = {
			isa = PBXGroup;
			children = (
				B7757D03B69B9C34BD4F7813 /* SOCMutableDictionaryExtension.m */,
				B7757142EC050B2120420C91 /* SOCMutableDictionaryExtension.h */,
			);
			path = Dictionary;
			sourceTree = "<group>";
		};
		B775789295E78BE38EB05E88 /* JSON */ = {
			isa = PBXGroup;
			children = (
				B7757B9CBD0DA9DA2EB6B65E /* SOCStringJSON.m */,
				B77578CDAEB0E616874252C3 /* SOCStringJSON.h */,
				B7757847AC6AC40774C36773 /* SOCDictionaryJSON.m */,
				B775798071E5CDE4C470488A /* SOCDictionaryJSON.h */,
				B77572201F23043CBA35EA76 /* SOCArrayJSON.m */,
				B77576A40B26A2A02ECB5313 /* SOCArrayJSON.h */,
				B7757AAB6E74AFFB273D089D /* SOCJSONUtils.m */,
				B775725B9AB79AD4202D7DAA /* SOCJSONUtils.h */,
			);
			path = JSON;
			sourceTree = "<group>";
		};
		B77579A67646D54CE58E1820 /* Bool */ = {
			isa = PBXGroup;
			children = (
				B77575CEFAAED401C63A35F3 /* SOCBoolUtils.m */,
				B77570440C3125FDC5B5C34F /* SOCBoolUtils.h */,
			);
			path = Bool;
			sourceTree = "<group>";
		};
		B7757D7762E7171640750220 /* Array */ = {
			isa = PBXGroup;
			children = (
				B7757EE22BB404465265C22E /* SOCArrayExtension.m */,
				B775736CBF761D3A92950D17 /* SOCArrayExtension.h */,
				B7757B5830F8EF1E1576A745 /* SOCArrayUtils.m */,
				B77571C891126B31B1C19131 /* SOCArrayUtils.h */,
				B7757934A23606A0445E8550 /* SOCMutableArrayExtension.m */,
				B77570FD2D672A56227CC66F /* SOCMutableArrayExtension.h */,
			);
			path = Array;
			sourceTree = "<group>";
		};
		B7757DFB5E426ACDFDC0279E /* Array */ = {
			isa = PBXGroup;
			children = (
				B7757D856D5EACF8F9EE21DD /* SOCArrayExtensionTests.m */,
				B7757A8205CF3733CB6A1A3F /* SOCArrayUtilsTests.m */,
				B77578671D1EDD0D36300509 /* SOCMutableArrayExtensionTests.m */,
			);
			path = Array;
			sourceTree = "<group>";
		};
		B7757F8D469787C2571222FA /* String */ = {
			isa = PBXGroup;
			children = (
				B77579AE23214291E7CD1B35 /* SOCStringExtension.m */,
				B7757D1FA3D5F4DC23D5F9DD /* SOCStringExtension.h */,
				B77570912AA20476BB807BD5 /* SOCStringUtils.m */,
				B7757E43510B8B02D3FB9E3B /* SOCStringUtils.h */,
			);
			path = String;
			sourceTree = "<group>";
		};
		D51FD4091B42870D00BC5BFA = {
			isa = PBXGroup;
			children = (
				D51FD4141B42870D00BC5BFA /* SigmaticOC */,
				D51FD42E1B42870D00BC5BFA /* SigmaticOCTests */,
				D51FD4131B42870D00BC5BFA /* Products */,
			);
			sourceTree = "<group>";
		};
		D51FD4131B42870D00BC5BFA /* Products */ = {
			isa = PBXGroup;
			children = (
				D51FD4121B42870D00BC5BFA /* SigmaticOC.app */,
				D51FD42B1B42870D00BC5BFA /* SigmaticOCTests.xctest */,
			);
			name = Products;
			sourceTree = "<group>";
		};
		D51FD4141B42870D00BC5BFA /* SigmaticOC */ = {
			isa = PBXGroup;
			children = (
				D51FD4191B42870D00BC5BFA /* AppDelegate.h */,
				D51FD41A1B42870D00BC5BFA /* AppDelegate.m */,
				D51FD41C1B42870D00BC5BFA /* ViewController.h */,
				D51FD41D1B42870D00BC5BFA /* ViewController.m */,
				D51FD41F1B42870D00BC5BFA /* Main.storyboard */,
				D51FD4221B42870D00BC5BFA /* Images.xcassets */,
				D51FD4241B42870D00BC5BFA /* LaunchScreen.xib */,
				D51FD4151B42870D00BC5BFA /* Supporting Files */,
				B7757D7762E7171640750220 /* Array */,
				B7757F8D469787C2571222FA /* String */,
				B77573B7C16A8363A187133C /* Number */,
				B77572B1922A8F59F55AB26B /* Date */,
				B77577E65559757CBB012D1F /* Dictionary */,
				B77575184B56503E5D7974E8 /* Protocol */,
				B77579A67646D54CE58E1820 /* Bool */,
				B775789295E78BE38EB05E88 /* JSON */,
			);
			path = SigmaticOC;
			sourceTree = "<group>";
		};
		D51FD4151B42870D00BC5BFA /* Supporting Files */ = {
			isa = PBXGroup;
			children = (
				D51FD4161B42870D00BC5BFA /* Info.plist */,
				D51FD4171B42870D00BC5BFA /* main.m */,
			);
			name = "Supporting Files";
			sourceTree = "<group>";
		};
		D51FD42E1B42870D00BC5BFA /* SigmaticOCTests */ = {
			isa = PBXGroup;
			children = (
				D51FD42F1B42870D00BC5BFA /* Supporting Files */,
				B7757DFB5E426ACDFDC0279E /* Array */,
			);
			path = SigmaticOCTests;
			sourceTree = "<group>";
		};
		D51FD42F1B42870D00BC5BFA /* Supporting Files */ = {
			isa = PBXGroup;
			children = (
				D51FD4301B42870D00BC5BFA /* Info.plist */,
			);
			name = "Supporting Files";
			sourceTree = "<group>";
		};
/* End PBXGroup section */

/* Begin PBXNativeTarget section */
		D51FD4111B42870D00BC5BFA /* SigmaticOC */ = {
			isa = PBXNativeTarget;
			buildConfigurationList = D51FD4351B42870D00BC5BFA /* Build configuration list for PBXNativeTarget "SigmaticOC" */;
			buildPhases = (
				D51FD40E1B42870D00BC5BFA /* Sources */,
				D51FD40F1B42870D00BC5BFA /* Frameworks */,
				D51FD4101B42870D00BC5BFA /* Resources */,
			);
			buildRules = (
			);
			dependencies = (
			);
			name = SigmaticOC;
			productName = SigmaticOC;
			productReference = D51FD4121B42870D00BC5BFA /* SigmaticOC.app */;
			productType = "com.apple.product-type.application";
		};
		D51FD42A1B42870D00BC5BFA /* SigmaticOCTests */ = {
			isa = PBXNativeTarget;
			buildConfigurationList = D51FD4381B42870D00BC5BFA /* Build configuration list for PBXNativeTarget "SigmaticOCTests" */;
			buildPhases = (
				D51FD4271B42870D00BC5BFA /* Sources */,
				D51FD4281B42870D00BC5BFA /* Frameworks */,
				D51FD4291B42870D00BC5BFA /* Resources */,
			);
			buildRules = (
			);
			dependencies = (
				D51FD42D1B42870D00BC5BFA /* PBXTargetDependency */,
			);
			name = SigmaticOCTests;
			productName = SigmaticOCTests;
			productReference = D51FD42B1B42870D00BC5BFA /* SigmaticOCTests.xctest */;
			productType = "com.apple.product-type.bundle.unit-test";
		};
/* End PBXNativeTarget section */

/* Begin PBXProject section */
		D51FD40A1B42870D00BC5BFA /* Project object */ = {
			isa = PBXProject;
			attributes = {
				CLASSPREFIX = SOC;
				LastUpgradeCheck = 0630;
				ORGANIZATIONNAME = Sigmatic;
				TargetAttributes = {
					D51FD4111B42870D00BC5BFA = {
						CreatedOnToolsVersion = 6.3.2;
					};
					D51FD42A1B42870D00BC5BFA = {
						CreatedOnToolsVersion = 6.3.2;
						TestTargetID = D51FD4111B42870D00BC5BFA;
					};
				};
			};
			buildConfigurationList = D51FD40D1B42870D00BC5BFA /* Build configuration list for PBXProject "SigmaticOC" */;
			compatibilityVersion = "Xcode 3.2";
			developmentRegion = English;
			hasScannedForEncodings = 0;
			knownRegions = (
				en,
				Base,
			);
			mainGroup = D51FD4091B42870D00BC5BFA;
			productRefGroup = D51FD4131B42870D00BC5BFA /* Products */;
			projectDirPath = "";
			projectRoot = "";
			targets = (
				D51FD4111B42870D00BC5BFA /* SigmaticOC */,
				D51FD42A1B42870D00BC5BFA /* SigmaticOCTests */,
			);
		};
/* End PBXProject section */

/* Begin PBXResourcesBuildPhase section */
		D51FD4101B42870D00BC5BFA /* Resources */ = {
			isa = PBXResourcesBuildPhase;
			buildActionMask = 2147483647;
			files = (
				D51FD4211B42870D00BC5BFA /* Main.storyboard in Resources */,
				D51FD4261B42870D00BC5BFA /* LaunchScreen.xib in Resources */,
				D51FD4231B42870D00BC5BFA /* Images.xcassets in Resources */,
			);
			runOnlyForDeploymentPostprocessing = 0;
		};
		D51FD4291B42870D00BC5BFA /* Resources */ = {
			isa = PBXResourcesBuildPhase;
			buildActionMask = 2147483647;
			files = (
			);
			runOnlyForDeploymentPostprocessing = 0;
		};
/* End PBXResourcesBuildPhase section */

/* Begin PBXSourcesBuildPhase section */
		D51FD40E1B42870D00BC5BFA /* Sources */ = {
			isa = PBXSourcesBuildPhase;
			buildActionMask = 2147483647;
			files = (
				D51FD41E1B42870D00BC5BFA /* ViewController.m in Sources */,
				D51FD41B1B42870D00BC5BFA /* AppDelegate.m in Sources */,
				D51FD4181B42870D00BC5BFA /* main.m in Sources */,
				B7757B2936114C6DF1A6174B /* SOCArrayExtension.m in Sources */,
				B77574943166EFCA60B57BD4 /* SOCArrayUtils.m in Sources */,
				B775791FDB0A03159D9AE86A /* SOCIntegerUtils.m in Sources */,
				B77577C3AC659B7896B62DCA /* SOCMutableArrayExtension.m in Sources */,
				B775757F79363AFF32ACBE65 /* SOCMutableDictionaryExtension.m in Sources */,
				B7757027EFDEB88D6BC4127B /* SOCStringExtension.m in Sources */,
				B77579FAD912DDA37C6446E3 /* SOCStringUtils.m in Sources */,
				B775709128E822DD70A65B19 /* SOCProtocolUtils.m in Sources */,
				B775771B96BC93AF1B9219F1 /* SOCDateUtils.m in Sources */,
				B7757B341374328E7D7DD5FD /* SOCBoolUtils.m in Sources */,
				B775743E17D26861F9DA4FB4 /* SOCStringJSON.m in Sources */,
				B77578D066D1A0F475B54E67 /* SOCDictionaryJSON.m in Sources */,
				B77579E4AF1E8E7A2921CFE5 /* SOCArrayJSON.m in Sources */,
				B7757D3799B86A27107A838D /* SOCJSONUtils.m in Sources */,
			);
			runOnlyForDeploymentPostprocessing = 0;
		};
		D51FD4271B42870D00BC5BFA /* Sources */ = {
			isa = PBXSourcesBuildPhase;
			buildActionMask = 2147483647;
			files = (
				B7757EC3B46BDBFADF4D48B4 /* SOCArrayExtensionTests.m in Sources */,
				B7757FE090DB1791B760207B /* SOCArrayUtilsTests.m in Sources */,
				B77578A1E5244D9966F44958 /* SOCMutableArrayExtensionTests.m in Sources */,
			);
			runOnlyForDeploymentPostprocessing = 0;
		};
/* End PBXSourcesBuildPhase section */

/* Begin PBXTargetDependency section */
		D51FD42D1B42870D00BC5BFA /* PBXTargetDependency */ = {
			isa = PBXTargetDependency;
			target = D51FD4111B42870D00BC5BFA /* SigmaticOC */;
			targetProxy = D51FD42C1B42870D00BC5BFA /* PBXContainerItemProxy */;
		};
/* End PBXTargetDependency section */

/* Begin PBXVariantGroup section */
		D51FD41F1B42870D00BC5BFA /* Main.storyboard */ = {
			isa = PBXVariantGroup;
			children = (
				D51FD4201B42870D00BC5BFA /* Base */,
			);
			name = Main.storyboard;
			sourceTree = "<group>";
		};
		D51FD4241B42870D00BC5BFA /* LaunchScreen.xib */ = {
			isa = PBXVariantGroup;
			children = (
				D51FD4251B42870D00BC5BFA /* Base */,
			);
			name = LaunchScreen.xib;
			sourceTree = "<group>";
		};
/* End PBXVariantGroup section */

/* Begin XCBuildConfiguration section */
		D51FD4331B42870D00BC5BFA /* Debug */ = {
			isa = XCBuildConfiguration;
			buildSettings = {
				ALWAYS_SEARCH_USER_PATHS = NO;
				CLANG_CXX_LANGUAGE_STANDARD = "gnu++0x";
				CLANG_CXX_LIBRARY = "libc++";
				CLANG_ENABLE_MODULES = YES;
				CLANG_ENABLE_OBJC_ARC = YES;
				CLANG_WARN_BOOL_CONVERSION = YES;
				CLANG_WARN_CONSTANT_CONVERSION = YES;
				CLANG_WARN_DIRECT_OBJC_ISA_USAGE = YES_ERROR;
				CLANG_WARN_EMPTY_BODY = YES;
				CLANG_WARN_ENUM_CONVERSION = YES;
				CLANG_WARN_INT_CONVERSION = YES;
				CLANG_WARN_OBJC_ROOT_CLASS = YES_ERROR;
				CLANG_WARN_UNREACHABLE_CODE = YES;
				CLANG_WARN__DUPLICATE_METHOD_MATCH = YES;
				"CODE_SIGN_IDENTITY[sdk=iphoneos*]" = "iPhone Developer";
				COPY_PHASE_STRIP = NO;
				DEBUG_INFORMATION_FORMAT = "dwarf-with-dsym";
				ENABLE_STRICT_OBJC_MSGSEND = YES;
				GCC_C_LANGUAGE_STANDARD = gnu99;
				GCC_DYNAMIC_NO_PIC = NO;
				GCC_NO_COMMON_BLOCKS = YES;
				GCC_OPTIMIZATION_LEVEL = 0;
				GCC_PREPROCESSOR_DEFINITIONS = (
					"DEBUG=1",
					"$(inherited)",
				);
				GCC_SYMBOLS_PRIVATE_EXTERN = NO;
				GCC_TREAT_WARNINGS_AS_ERRORS = YES;
				GCC_WARN_64_TO_32_BIT_CONVERSION = YES;
				GCC_WARN_ABOUT_RETURN_TYPE = YES_ERROR;
				GCC_WARN_UNDECLARED_SELECTOR = YES;
				GCC_WARN_UNINITIALIZED_AUTOS = YES_AGGRESSIVE;
				GCC_WARN_UNUSED_FUNCTION = YES;
				GCC_WARN_UNUSED_VARIABLE = YES;
				IPHONEOS_DEPLOYMENT_TARGET = 8.3;
				MTL_ENABLE_DEBUG_INFO = YES;
				ONLY_ACTIVE_ARCH = YES;
				SDKROOT = iphoneos;
				TARGETED_DEVICE_FAMILY = "1,2";
			};
			name = Debug;
		};
		D51FD4341B42870D00BC5BFA /* Release */ = {
			isa = XCBuildConfiguration;
			buildSettings = {
				ALWAYS_SEARCH_USER_PATHS = NO;
				CLANG_CXX_LANGUAGE_STANDARD = "gnu++0x";
				CLANG_CXX_LIBRARY = "libc++";
				CLANG_ENABLE_MODULES = YES;
				CLANG_ENABLE_OBJC_ARC = YES;
				CLANG_WARN_BOOL_CONVERSION = YES;
				CLANG_WARN_CONSTANT_CONVERSION = YES;
				CLANG_WARN_DIRECT_OBJC_ISA_USAGE = YES_ERROR;
				CLANG_WARN_EMPTY_BODY = YES;
				CLANG_WARN_ENUM_CONVERSION = YES;
				CLANG_WARN_INT_CONVERSION = YES;
				CLANG_WARN_OBJC_ROOT_CLASS = YES_ERROR;
				CLANG_WARN_UNREACHABLE_CODE = YES;
				CLANG_WARN__DUPLICATE_METHOD_MATCH = YES;
				"CODE_SIGN_IDENTITY[sdk=iphoneos*]" = "iPhone Developer";
				COPY_PHASE_STRIP = NO;
				DEBUG_INFORMATION_FORMAT = "dwarf-with-dsym";
				ENABLE_NS_ASSERTIONS = NO;
				ENABLE_STRICT_OBJC_MSGSEND = YES;
				GCC_C_LANGUAGE_STANDARD = gnu99;
				GCC_NO_COMMON_BLOCKS = YES;
				GCC_TREAT_WARNINGS_AS_ERRORS = YES;
				GCC_WARN_64_TO_32_BIT_CONVERSION = YES;
				GCC_WARN_ABOUT_RETURN_TYPE = YES_ERROR;
				GCC_WARN_UNDECLARED_SELECTOR = YES;
				GCC_WARN_UNINITIALIZED_AUTOS = YES_AGGRESSIVE;
				GCC_WARN_UNUSED_FUNCTION = YES;
				GCC_WARN_UNUSED_VARIABLE = YES;
				IPHONEOS_DEPLOYMENT_TARGET = 8.3;
				MTL_ENABLE_DEBUG_INFO = NO;
				SDKROOT = iphoneos;
				TARGETED_DEVICE_FAMILY = "1,2";
				VALIDATE_PRODUCT = YES;
			};
			name = Release;
		};
		D51FD4361B42870D00BC5BFA /* Debug */ = {
			isa = XCBuildConfiguration;
			buildSettings = {
				ASSETCATALOG_COMPILER_APPICON_NAME = AppIcon;
				INFOPLIST_FILE = SigmaticOC/Info.plist;
				IPHONEOS_DEPLOYMENT_TARGET = 7.0;
				LD_RUNPATH_SEARCH_PATHS = "$(inherited) @executable_path/Frameworks";
				PRODUCT_NAME = "$(TARGET_NAME)";
			};
			name = Debug;
		};
		D51FD4371B42870D00BC5BFA /* Release */ = {
			isa = XCBuildConfiguration;
			buildSettings = {
				ASSETCATALOG_COMPILER_APPICON_NAME = AppIcon;
				INFOPLIST_FILE = SigmaticOC/Info.plist;
				IPHONEOS_DEPLOYMENT_TARGET = 7.0;
				LD_RUNPATH_SEARCH_PATHS = "$(inherited) @executable_path/Frameworks";
				PRODUCT_NAME = "$(TARGET_NAME)";
			};
			name = Release;
		};
		D51FD4391B42870D00BC5BFA /* Debug */ = {
			isa = XCBuildConfiguration;
			buildSettings = {
				BUNDLE_LOADER = "$(TEST_HOST)";
				FRAMEWORK_SEARCH_PATHS = (
					"$(SDKROOT)/Developer/Library/Frameworks",
					"$(inherited)",
				);
				GCC_PREPROCESSOR_DEFINITIONS = (
					"DEBUG=1",
					"$(inherited)",
				);
				INFOPLIST_FILE = SigmaticOCTests/Info.plist;
				LD_RUNPATH_SEARCH_PATHS = "$(inherited) @executable_path/Frameworks @loader_path/Frameworks";
				PRODUCT_NAME = "$(TARGET_NAME)";
				TEST_HOST = "$(BUILT_PRODUCTS_DIR)/SigmaticOC.app/SigmaticOC";
			};
			name = Debug;
		};
		D51FD43A1B42870D00BC5BFA /* Release */ = {
			isa = XCBuildConfiguration;
			buildSettings = {
				BUNDLE_LOADER = "$(TEST_HOST)";
				FRAMEWORK_SEARCH_PATHS = (
					"$(SDKROOT)/Developer/Library/Frameworks",
					"$(inherited)",
				);
				INFOPLIST_FILE = SigmaticOCTests/Info.plist;
				LD_RUNPATH_SEARCH_PATHS = "$(inherited) @executable_path/Frameworks @loader_path/Frameworks";
				PRODUCT_NAME = "$(TARGET_NAME)";
				TEST_HOST = "$(BUILT_PRODUCTS_DIR)/SigmaticOC.app/SigmaticOC";
			};
			name = Release;
		};
/* End XCBuildConfiguration section */

/* Begin XCConfigurationList section */
		D51FD40D1B42870D00BC5BFA /* Build configuration list for PBXProject "SigmaticOC" */ = {
			isa = XCConfigurationList;
			buildConfigurations = (
				D51FD4331B42870D00BC5BFA /* Debug */,
				D51FD4341B42870D00BC5BFA /* Release */,
			);
			defaultConfigurationIsVisible = 0;
			defaultConfigurationName = Release;
		};
		D51FD4351B42870D00BC5BFA /* Build configuration list for PBXNativeTarget "SigmaticOC" */ = {
			isa = XCConfigurationList;
			buildConfigurations = (
				D51FD4361B42870D00BC5BFA /* Debug */,
				D51FD4371B42870D00BC5BFA /* Release */,
			);
			defaultConfigurationIsVisible = 0;
			defaultConfigurationName = Release;
		};
		D51FD4381B42870D00BC5BFA /* Build configuration list for PBXNativeTarget "SigmaticOCTests" */ = {
			isa = XCConfigurationList;
			buildConfigurations = (
				D51FD4391B42870D00BC5BFA /* Debug */,
				D51FD43A1B42870D00BC5BFA /* Release */,
			);
			defaultConfigurationIsVisible = 0;
			defaultConfigurationName = Release;
		};
/* End XCConfigurationList section */
	};
	rootObject = D51FD40A1B42870D00BC5BFA /* Project object */;
}
