<?xml version="1.0" encoding="UTF-8"?>
<Scheme
   version = "1.3">
   <BuildAction>
      <BuildActionEntries>
         <BuildActionEntry
            buildForRunning = "YES"
            buildForTesting = "YES">
            <BuildableReference
               BuildableIdentifier = "primary"
               BlueprintIdentifier = "D51FD42A1B42870D00BC5BFA"
               BuildableName = "SigmaticOCTests.xctest"
               BlueprintName = "SigmaticOCTests"
               ReferencedContainer = "container:SigmaticOC.xcodeproj">
            </BuildableReference>
         </BuildActionEntry>
      </BuildActionEntries>
   </BuildAction>
   <TestAction
      buildConfiguration = "Debug">
      <Testables>
         <TestableReference>
            <BuildableReference
               BuildableIdentifier = "primary"
               BlueprintIdentifier = "D51FD42A1B42870D00BC5BFA"
               BuildableName = "SigmaticOCTests.xctest"
               BlueprintName = "SigmaticOCTests"
               ReferencedContainer = "container:SigmaticOC.xcodeproj">
            </BuildableReference>
            <SkippedTests>
               <Test
                  Identifier = "SOCArrayExtensionTests">
               </Test>
            </SkippedTests>
         </TestableReference>
      </Testables>
   </TestAction>
   <LaunchAction
      useCustomWorkingDirectory = "NO">
   </LaunchAction>
</Scheme>
